<?xml version="1.0" encoding="utf-8"?>
<Project ToolsVersion="4.0" xmlns="http://schemas.microsoft.com/developer/msbuild/2003">
  <ItemGroup>
    <Filter Include="Source Files">
      <UniqueIdentifier>{4FC737F1-C7A5-4376-A066-2A32D752A2FF}</UniqueIdentifier>
      <Extensions>cpp;c;cc;cxx;def;odl;idl;hpj;bat;asm;asmx</Extensions>
    </Filter>
    <Filter Include="Header Files">
      <UniqueIdentifier>{93995380-89BD-4b04-88EB-625FBE52EBFB}</UniqueIdentifier>
      <Extensions>h;hh;hpp;hxx;hm;inl;inc;xsd</Extensions>
    </Filter>
    <Filter Include="Resource Files">
      <UniqueIdentifier>{67DA6AB6-F800-4c08-8B7A-83BB121AAD01}</UniqueIdentifier>
      <Extensions>rc;ico;cur;bmp;dlg;rc2;rct;bin;rgs;gif;jpg;jpeg;jpe;resx;tiff;tif;png;wav;mfcribbon-ms</Extensions>
    </Filter>
    <Filter Include="Header Files\HexPlot Logic">
      <UniqueIdentifier>{12eadebd-3456-41cc-ba49-19114e8a190e}</UniqueIdentifier>
    </Filter>
    <Filter Include="Source Files\HexPlot Logic">
      <UniqueIdentifier>{220a48bb-e865-4a2e-a43c-9268c5d51e6d}</UniqueIdentifier>
    </Filter>
    <Filter Include="Header Files\Concept Node">
      <UniqueIdentifier>{18427458-9c58-4698-984f-c67cb778a7ab}</UniqueIdentifier>
    </Filter>
    <Filter Include="Source Files\Concept Node">
      <UniqueIdentifier>{2606935c-2bed-41cb-acf2-f7561ff65630}</UniqueIdentifier>
    </Filter>
    <Filter Include="Header Files\Project">
      <UniqueIdentifier>{497a5bb7-549e-471b-abad-f296a276e1ef}</UniqueIdentifier>
    </Filter>
    <Filter Include="Header Files\Graphic">
      <UniqueIdentifier>{81707fe8-4fc3-4db1-91ee-d71a9b2fd8e2}</UniqueIdentifier>
    </Filter>
    <Filter Include="Source Files\Graphic">
      <UniqueIdentifier>{7412e46b-ae63-4dff-bb93-9f550ad1e67d}</UniqueIdentifier>
    </Filter>
    <Filter Include="Header Files\Routing">
      <UniqueIdentifier>{64a8c5f9-b172-42ef-b45e-fb6939e464f6}</UniqueIdentifier>
    </Filter>
    <Filter Include="Source Files\Routing">
      <UniqueIdentifier>{7af7d257-073f-404f-bc54-24846207f558}</UniqueIdentifier>
    </Filter>
  </ItemGroup>
  <ItemGroup>
    <Text Include="ReadMe.txt" />
  </ItemGroup>
  <ItemGroup>
    <ClInclude Include="HexPlot.h">
      <Filter>Header Files</Filter>
    </ClInclude>
    <ClInclude Include="HexAlgorithm.h">
      <Filter>Header Files</Filter>
    </ClInclude>
    <ClInclude Include="NodeHP.h">
      <Filter>Header Files\HexPlot Logic</Filter>
    </ClInclude>
    <ClInclude Include="GridHP.h">
      <Filter>Header Files\HexPlot Logic</Filter>
    </ClInclude>
    <ClInclude Include="PaintDCHP.h">
      <Filter>Header Files\HexPlot Logic</Filter>
    </ClInclude>
    <ClInclude Include="HPTypeDefs.h">
      <Filter>Header Files</Filter>
    </ClInclude>
    <ClInclude Include="Terrain.h">
      <Filter>Header Files\Concept Node</Filter>
    </ClInclude>
    <ClInclude Include="Anlage.h">
      <Filter>Header Files\Concept Node</Filter>
    </ClInclude>
    <ClInclude Include="stdafx.h">
      <Filter>Header Files\Project</Filter>
    </ClInclude>
    <ClInclude Include="Resource.h">
      <Filter>Header Files\Project</Filter>
    </ClInclude>
    <ClInclude Include="targetver.h">
      <Filter>Header Files\Project</Filter>
    </ClInclude>
    <ClInclude Include="StaticHP.h">
      <Filter>Header Files\Graphic</Filter>
    </ClInclude>
    <ClInclude Include="HexPlotDlg.h">
      <Filter>Header Files\Graphic</Filter>
    </ClInclude>
    <ClInclude Include="Weg.h">
      <Filter>Header Files\Routing</Filter>
    </ClInclude>
    <ClInclude Include="Trasse.h">
      <Filter>Header Files\Routing</Filter>
    </ClInclude>
  </ItemGroup>
  <ItemGroup>
    <ClCompile Include="HexPlot.cpp">
      <Filter>Source Files</Filter>
    </ClCompile>
    <ClCompile Include="stdafx.cpp">
      <Filter>Source Files</Filter>
    </ClCompile>
    <ClCompile Include="HexAlgorithm.cpp">
      <Filter>Source Files</Filter>
    </ClCompile>
    <ClCompile Include="PaintDCHP.cpp">
      <Filter>Source Files\HexPlot Logic</Filter>
    </ClCompile>
    <ClCompile Include="NodeHP.cpp">
      <Filter>Source Files\HexPlot Logic</Filter>
    </ClCompile>
    <ClCompile Include="GridHP.cpp">
      <Filter>Source Files\HexPlot Logic</Filter>
    </ClCompile>
    <ClCompile Include="Terrain.cpp">
      <Filter>Source Files\Concept Node</Filter>
    </ClCompile>
    <ClCompile Include="Anlage.cpp">
      <Filter>Source Files\Concept Node</Filter>
    </ClCompile>
    <ClCompile Include="HexPlotDlg.cpp">
      <Filter>Source Files\Graphic</Filter>
    </ClCompile>
    <ClCompile Include="StaticHP.cpp">
      <Filter>Source Files\Graphic</Filter>
    </ClCompile>
    <ClCompile Include="Weg.cpp">
      <Filter>Source Files\Routing</Filter>
    </ClCompile>
    <ClCompile Include="Trasse.cpp">
      <Filter>Source Files\Routing</Filter>
    </ClCompile>
  </ItemGroup>
  <ItemGroup>
    <ResourceCompile Include="HexPlot.rc">
      <Filter>Resource Files</Filter>
    </ResourceCompile>
  </ItemGroup>
  <ItemGroup>
    <None Include="res\HexPlot.rc2">
      <Filter>Resource Files</Filter>
    </None>
  </ItemGroup>
  <ItemGroup>
    <Image Include="res\HexPlot.ico">
      <Filter>Resource Files</Filter>
    </Image>
  </ItemGroup>
</Project>